
Microsoft Visual Studio Solution File, Format Version 12.00
# Visual Studio Version 17
VisualStudioVersion = 17.3.32922.545
MinimumVisualStudioVersion = 10.0.40219.1
Project("{FAE04EC0-301F-11D3-BF4B-00C04F79EFBC}") = "WindowsFormsAppProva", "WindowsFormsAppProva\WindowsFormsAppProva.csproj", "{6D521BD5-9A27-466F-93F8-0189B3FA8AB1}"
EndProject
Global
	GlobalSection(SolutionConfigurationPlatforms) = preSolution
		Debug|Any CPU = Debug|Any CPU
		Release|Any CPU = Release|Any CPU
	EndGlobalSection
	GlobalSection(ProjectConfigurationPlatforms) = postSolution
		{6D521BD5-9A27-466F-93F8-0189B3FA8AB1}.Debug|Any CPU.ActiveCfg = Debug|Any CPU
		{6D521BD5-9A27-466F-93F8-0189B3FA8AB1}.Debug|Any CPU.Build.0 = Debug|Any CPU
		{6D521BD5-9A27-466F-93F8-0189B3FA8AB1}.Release|Any CPU.ActiveCfg = Release|Any CPU
		{6D521BD5-9A27-466F-93F8-0189B3FA8AB1}.Release|Any CPU.Build.0 = Release|Any CPU
	EndGlobalSection
	GlobalSection(SolutionProperties) = preSolution
		HideSolutionNode = FALSE
	EndGlobalSection
	GlobalSection(ExtensibilityGlobals) = postSolution
		SolutionGuid = {182C3F39-DDC1-4C2A-8E22-F9E938E9B21B}
	EndGlobalSection
EndGlobal
