
Microsoft Visual Studio Solution File, Format Version 12.00
# Visual Studio Version 16
VisualStudioVersion = 16.0.31624.102
MinimumVisualStudioVersion = 10.0.40219.1
Project("{FAE04EC0-301F-11D3-BF4B-00C04F79EFBC}") = "WindowsFormsUtenti", "WindowsFormsUtenti\WindowsFormsUtenti.csproj", "{A457EAD4-2954-4118-9FFF-53F020A4DDAC}"
EndProject
Global
	GlobalSection(SolutionConfigurationPlatforms) = preSolution
		Debug|Any CPU = Debug|Any CPU
		Release|Any CPU = Release|Any CPU
	EndGlobalSection
	GlobalSection(ProjectConfigurationPlatforms) = postSolution
		{A457EAD4-2954-4118-9FFF-53F020A4DDAC}.Debug|Any CPU.ActiveCfg = Debug|Any CPU
		{A457EAD4-2954-4118-9FFF-53F020A4DDAC}.Debug|Any CPU.Build.0 = Debug|Any CPU
		{A457EAD4-2954-4118-9FFF-53F020A4DDAC}.Release|Any CPU.ActiveCfg = Release|Any CPU
		{A457EAD4-2954-4118-9FFF-53F020A4DDAC}.Release|Any CPU.Build.0 = Release|Any CPU
	EndGlobalSection
	GlobalSection(SolutionProperties) = preSolution
		HideSolutionNode = FALSE
	EndGlobalSection
	GlobalSection(ExtensibilityGlobals) = postSolution
		SolutionGuid = {21B5E0BC-5EE3-420E-A0EA-E48386224FB9}
	EndGlobalSection
EndGlobal
