
Microsoft Visual Studio Solution File, Format Version 12.00
# Visual Studio Version 17
VisualStudioVersion = 17.4.33110.190
MinimumVisualStudioVersion = 10.0.40219.1
Project("{FAE04EC0-301F-11D3-BF4B-00C04F79EFBC}") = "WindowsFormsAppCinema", "WindowsFormsAppCinema\WindowsFormsAppCinema.csproj", "{81009D1E-28BE-4238-AE84-D37319610993}"
EndProject
Global
	GlobalSection(SolutionConfigurationPlatforms) = preSolution
		Debug|Any CPU = Debug|Any CPU
		Release|Any CPU = Release|Any CPU
	EndGlobalSection
	GlobalSection(ProjectConfigurationPlatforms) = postSolution
		{81009D1E-28BE-4238-AE84-D37319610993}.Debug|Any CPU.ActiveCfg = Debug|Any CPU
		{81009D1E-28BE-4238-AE84-D37319610993}.Debug|Any CPU.Build.0 = Debug|Any CPU
		{81009D1E-28BE-4238-AE84-D37319610993}.Release|Any CPU.ActiveCfg = Release|Any CPU
		{81009D1E-28BE-4238-AE84-D37319610993}.Release|Any CPU.Build.0 = Release|Any CPU
	EndGlobalSection
	GlobalSection(SolutionProperties) = preSolution
		HideSolutionNode = FALSE
	EndGlobalSection
	GlobalSection(ExtensibilityGlobals) = postSolution
		SolutionGuid = {00E021E8-0DFB-450E-9FD6-644B98AEED99}
	EndGlobalSection
EndGlobal
