
Microsoft Visual Studio Solution File, Format Version 12.00
# Visual Studio 2012
Project("{FAE04EC0-301F-11D3-BF4B-00C04F79EFBC}") = "SqlCommandDemo", "SqlCommandDemo\SqlCommandDemo.csproj", "{D56ABF3E-7727-4DC2-AD34-0A7182C5B96D}"
EndProject
Global
	GlobalSection(SolutionConfigurationPlatforms) = preSolution
		Debug|Any CPU = Debug|Any CPU
		Release|Any CPU = Release|Any CPU
	EndGlobalSection
	GlobalSection(ProjectConfigurationPlatforms) = postSolution
		{D56ABF3E-7727-4DC2-AD34-0A7182C5B96D}.Debug|Any CPU.ActiveCfg = Debug|Any CPU
		{D56ABF3E-7727-4DC2-AD34-0A7182C5B96D}.Debug|Any CPU.Build.0 = Debug|Any CPU
		{D56ABF3E-7727-4DC2-AD34-0A7182C5B96D}.Release|Any CPU.ActiveCfg = Release|Any CPU
		{D56ABF3E-7727-4DC2-AD34-0A7182C5B96D}.Release|Any CPU.Build.0 = Release|Any CPU
	EndGlobalSection
	GlobalSection(SolutionProperties) = preSolution
		HideSolutionNode = FALSE
	EndGlobalSection
EndGlobal
